// !$*UTF8*$!
{
	archiveVersion = 1;
	classes = {
	};
	objectVersion = 46;
	objects = {

/* Begin PBXBuildFile section */
		6929DF0B1E13B546002EDCC2 /* AppDelegate.swift in Sources */ = {isa = PBXBuildFile; fileRef = 6929DF0A1E13B546002EDCC2 /* AppDelegate.swift */; };
		6929DF0D1E13B546002EDCC2 /* ViewController.swift in Sources */ = {isa = PBXBuildFile; fileRef = 6929DF0C1E13B546002EDCC2 /* ViewController.swift */; };
		6929DF101E13B546002EDCC2 /* Main.storyboard in Resources */ = {isa = PBXBuildFile; fileRef = 6929DF0E1E13B546002EDCC2 /* Main.storyboard */; };
		6929DF131E13B546002EDCC2 /* Tilyn.xcdatamodeld in Sources */ = {isa = PBXBuildFile; fileRef = 6929DF111E13B546002EDCC2 /* Tilyn.xcdatamodeld */; };
		6929DF151E13B546002EDCC2 /* Assets.xcassets in Resources */ = {isa = PBXBuildFile; fileRef = 6929DF141E13B546002EDCC2 /* Assets.xcassets */; };
		6929DF181E13B546002EDCC2 /* LaunchScreen.storyboard in Resources */ = {isa = PBXBuildFile; fileRef = 6929DF161E13B546002EDCC2 /* LaunchScreen.storyboard */; };
/* End PBXBuildFile section */

/* Begin PBXFileReference section */
		6929DF071E13B546002EDCC2 /* Tilyn.app */ = {isa = PBXFileReference; explicitFileType = wrapper.application; includeInIndex = 0; path = Tilyn.app; sourceTree = BUILT_PRODUCTS_DIR; };
		6929DF0A1E13B546002EDCC2 /* AppDelegate.swift */ = {isa = PBXFileReference; lastKnownFileType = sourcecode.swift; path = AppDelegate.swift; sourceTree = "<group>"; };
		6929DF0C1E13B546002EDCC2 /* ViewController.swift */ = {isa = PBXFileReference; lastKnownFileType = sourcecode.swift; path = ViewController.swift; sourceTree = "<group>"; };
		6929DF0F1E13B546002EDCC2 /* Base */ = {isa = PBXFileReference; lastKnownFileType = file.storyboard; name = Base; path = Base.lproj/Main.storyboard; sourceTree = "<group>"; };
		6929DF121E13B546002EDCC2 /* Tilyn.xcdatamodel */ = {isa = PBXFileReference; lastKnownFileType = wrapper.xcdatamodel; path = Tilyn.xcdatamodel; sourceTree = "<group>"; };
		6929DF141E13B546002EDCC2 /* Assets.xcassets */ = {isa = PBXFileReference; lastKnownFileType = folder.assetcatalog; path = Assets.xcassets; sourceTree = "<group>"; };
		6929DF171E13B546002EDCC2 /* Base */ = {isa = PBXFileReference; lastKnownFileType = file.storyboard; name = Base; path = Base.lproj/LaunchScreen.storyboard; sourceTree = "<group>"; };
		6929DF191E13B546002EDCC2 /* Info.plist */ = {isa = PBXFileReference; lastKnownFileType = text.plist.xml; path = Info.plist; sourceTree = "<group>"; };
/* End PBXFileReference section */

/* Begin PBXFrameworksBuildPhase section */
		6929DF041E13B546002EDCC2 /* Frameworks */ = {
			isa = PBXFrameworksBuildPhase;
			buildActionMask = 2147483647;
			files = (
			);
			runOnlyForDeploymentPostprocessing = 0;
		};
/* End PBXFrameworksBuildPhase section */

/* Begin PBXGroup section */
		6929DEFE1E13B546002EDCC2 = {
			isa = PBXGroup;
			children = (
				6929DF091E13B546002EDCC2 /* Tilyn */,
				6929DF081E13B546002EDCC2 /* Products */,
			);
			sourceTree = "<group>";
		};
		6929DF081E13B546002EDCC2 /* Products */ = {
			isa = PBXGroup;
			children = (
				6929DF071E13B546002EDCC2 /* Tilyn.app */,
			);
			name = Products;
			sourceTree = "<group>";
		};
		6929DF091E13B546002EDCC2 /* Tilyn */ = {
			isa = PBXGroup;
			children = (
				6929DF0A1E13B546002EDCC2 /* AppDelegate.swift */,
				6929DF0C1E13B546002EDCC2 /* ViewController.swift */,
				6929DF0E1E13B546002EDCC2 /* Main.storyboard */,
				6929DF141E13B546002EDCC2 /* Assets.xcassets */,
				6929DF161E13B546002EDCC2 /* LaunchScreen.storyboard */,
				6929DF191E13B546002EDCC2 /* Info.plist */,
				6929DF111E13B546002EDCC2 /* Tilyn.xcdatamodeld */,
			);
			path = Tilyn;
			sourceTree = "<group>";
		};
/* End PBXGroup section */

/* Begin PBXNativeTarget section */
		6929DF061E13B546002EDCC2 /* Tilyn */ = {
			isa = PBXNativeTarget;
			buildConfigurationList = 6929DF1C1E13B546002EDCC2 /* Build configuration list for PBXNativeTarget "Tilyn" */;
			buildPhases = (
				6929DF031E13B546002EDCC2 /* Sources */,
				6929DF041E13B546002EDCC2 /* Frameworks */,
				6929DF051E13B546002EDCC2 /* Resources */,
			);
			buildRules = (
			);
			dependencies = (
			);
			name = Tilyn;
			productName = Tilyn;
			productReference = 6929DF071E13B546002EDCC2 /* Tilyn.app */;
			productType = "com.apple.product-type.application";
		};
/* End PBXNativeTarget section */

/* Begin PBXProject section */
		6929DEFF1E13B546002EDCC2 /* Project object */ = {
			isa = PBXProject;
			attributes = {
				LastSwiftUpdateCheck = 0810;
				LastUpgradeCheck = 0810;
				ORGANIZATIONNAME = "Yudiz Solutions Pvt. Ltd.";
				TargetAttributes = {
					6929DF061E13B546002EDCC2 = {
						CreatedOnToolsVersion = 8.1;
						ProvisioningStyle = Automatic;
					};
				};
			};
			buildConfigurationList = 6929DF021E13B546002EDCC2 /* Build configuration list for PBXProject "Tilyn" */;
			compatibilityVersion = "Xcode 3.2";
			developmentRegion = English;
			hasScannedForEncodings = 0;
			knownRegions = (
				en,
				Base,
			);
			mainGroup = 6929DEFE1E13B546002EDCC2;
			productRefGroup = 6929DF081E13B546002EDCC2 /* Products */;
			projectDirPath = "";
			projectRoot = "";
			targets = (
				6929DF061E13B546002EDCC2 /* Tilyn */,
			);
		};
/* End PBXProject section */

/* Begin PBXResourcesBuildPhase section */
		6929DF051E13B546002EDCC2 /* Resources */ = {
			isa = PBXResourcesBuildPhase;
			buildActionMask = 2147483647;
			files = (
				6929DF181E13B546002EDCC2 /* LaunchScreen.storyboard in Resources */,
				6929DF151E13B546002EDCC2 /* Assets.xcassets in Resources */,
				6929DF101E13B546002EDCC2 /* Main.storyboard in Resources */,
			);
			runOnlyForDeploymentPostprocessing = 0;
		};
/* End PBXResourcesBuildPhase section */

/* Begin PBXSourcesBuildPhase section */
		6929DF031E13B546002EDCC2 /* Sources */ = {
			isa = PBXSourcesBuildPhase;
			buildActionMask = 2147483647;
			files = (
				6929DF131E13B546002EDCC2 /* Tilyn.xcdatamodeld in Sources */,
				6929DF0D1E13B546002EDCC2 /* ViewController.swift in Sources */,
				6929DF0B1E13B546002EDCC2 /* AppDelegate.swift in Sources */,
			);
			runOnlyForDeploymentPostprocessing = 0;
		};
/* End PBXSourcesBuildPhase section */

/* Begin PBXVariantGroup section */
		6929DF0E1E13B546002EDCC2 /* Main.storyboard */ = {
			isa = PBXVariantGroup;
			children = (
				6929DF0F1E13B546002EDCC2 /* Base */,
			);
			name = Main.storyboard;
			sourceTree = "<group>";
		};
		6929DF161E13B546002EDCC2 /* LaunchScreen.storyboard */ = {
			isa = PBXVariantGroup;
			children = (
				6929DF171E13B546002EDCC2 /* Base */,
			);
			name = LaunchScreen.storyboard;
			sourceTree = "<group>";
		};
/* End PBXVariantGroup section */

/* Begin XCBuildConfiguration section */
		6929DF1A1E13B546002EDCC2 /* Debug */ = {
			isa = XCBuildConfiguration;
			buildSettings = {
				ALWAYS_SEARCH_USER_PATHS = NO;
				CLANG_ANALYZER_NONNULL = YES;
				CLANG_CXX_LANGUAGE_STANDARD = "gnu++0x";
				CLANG_CXX_LIBRARY = "libc++";
				CLANG_ENABLE_MODULES = YES;
				CLANG_ENABLE_OBJC_ARC = YES;
				CLANG_WARN_BOOL_CONVERSION = YES;
				CLANG_WARN_CONSTANT_CONVERSION = YES;
				CLANG_WARN_DIRECT_OBJC_ISA_USAGE = YES_ERROR;
				CLANG_WARN_DOCUMENTATION_COMMENTS = YES;
				CLANG_WARN_EMPTY_BODY = YES;
				CLANG_WARN_ENUM_CONVERSION = YES;
				CLANG_WARN_INFINITE_RECURSION = YES;
				CLANG_WARN_INT_CONVERSION = YES;
				CLANG_WARN_OBJC_ROOT_CLASS = YES_ERROR;
				CLANG_WARN_SUSPICIOUS_MOVES = YES;
				CLANG_WARN_UNREACHABLE_CODE = YES;
				CLANG_WARN__DUPLICATE_METHOD_MATCH = YES;
				"CODE_SIGN_IDENTITY[sdk=iphoneos*]" = "iPhone Developer";
				COPY_PHASE_STRIP = NO;
				DEBUG_INFORMATION_FORMAT = dwarf;
				ENABLE_STRICT_OBJC_MSGSEND = YES;
				ENABLE_TESTABILITY = YES;
				GCC_C_LANGUAGE_STANDARD = gnu99;
				GCC_DYNAMIC_NO_PIC = NO;
				GCC_NO_COMMON_BLOCKS = YES;
				GCC_OPTIMIZATION_LEVEL = 0;
				GCC_PREPROCESSOR_DEFINITIONS = (
					"DEBUG=1",
					"$(inherited)",
				);
				GCC_WARN_64_TO_32_BIT_CONVERSION = YES;
				GCC_WARN_ABOUT_RETURN_TYPE = YES_ERROR;
				GCC_WARN_UNDECLARED_SELECTOR = YES;
				GCC_WARN_UNINITIALIZED_AUTOS = YES_AGGRESSIVE;
				GCC_WARN_UNUSED_FUNCTION = YES;
				GCC_WARN_UNUSED_VARIABLE = YES;
				IPHONEOS_DEPLOYMENT_TARGET = 10.1;
				MTL_ENABLE_DEBUG_INFO = YES;
				ONLY_ACTIVE_ARCH = YES;
				SDKROOT = iphoneos;
				SWIFT_ACTIVE_COMPILATION_CONDITIONS = DEBUG;
				SWIFT_OPTIMIZATION_LEVEL = "-Onone";
			};
			name = Debug;
		};
		6929DF1B1E13B546002EDCC2 /* Release */ = {
			isa = XCBuildConfiguration;
			buildSettings = {
				ALWAYS_SEARCH_USER_PATHS = NO;
				CLANG_ANALYZER_NONNULL = YES;
				CLANG_CXX_LANGUAGE_STANDARD = "gnu++0x";
				CLANG_CXX_LIBRARY = "libc++";
				CLANG_ENABLE_MODULES = YES;
				CLANG_ENABLE_OBJC_ARC = YES;
				CLANG_WARN_BOOL_CONVERSION = YES;
				CLANG_WARN_CONSTANT_CONVERSION = YES;
				CLANG_WARN_DIRECT_OBJC_ISA_USAGE = YES_ERROR;
				CLANG_WARN_DOCUMENTATION_COMMENTS = YES;
				CLANG_WARN_EMPTY_BODY = YES;
				CLANG_WARN_ENUM_CONVERSION = YES;
				CLANG_WARN_INFINITE_RECURSION = YES;
				CLANG_WARN_INT_CONVERSION = YES;
				CLANG_WARN_OBJC_ROOT_CLASS = YES_ERROR;
				CLANG_WARN_SUSPICIOUS_MOVES = YES;
				CLANG_WARN_UNREACHABLE_CODE = YES;
				CLANG_WARN__DUPLICATE_METHOD_MATCH = YES;
				"CODE_SIGN_IDENTITY[sdk=iphoneos*]" = "iPhone Developer";
				COPY_PHASE_STRIP = NO;
				DEBUG_INFORMATION_FORMAT = "dwarf-with-dsym";
				ENABLE_NS_ASSERTIONS = NO;
				ENABLE_STRICT_OBJC_MSGSEND = YES;
				GCC_C_LANGUAGE_STANDARD = gnu99;
				GCC_NO_COMMON_BLOCKS = YES;
				GCC_WARN_64_TO_32_BIT_CONVERSION = YES;
				GCC_WARN_ABOUT_RETURN_TYPE = YES_ERROR;
				GCC_WARN_UNDECLARED_SELECTOR = YES;
				GCC_WARN_UNINITIALIZED_AUTOS = YES_AGGRESSIVE;
				GCC_WARN_UNUSED_FUNCTION = YES;
				GCC_WARN_UNUSED_VARIABLE = YES;
				IPHONEOS_DEPLOYMENT_TARGET = 10.1;
				MTL_ENABLE_DEBUG_INFO = NO;
				SDKROOT = iphoneos;
				SWIFT_OPTIMIZATION_LEVEL = "-Owholemodule";
				VALIDATE_PRODUCT = YES;
			};
			name = Release;
		};
		6929DF1D1E13B546002EDCC2 /* Debug */ = {
			isa = XCBuildConfiguration;
			buildSettings = {
				ASSETCATALOG_COMPILER_APPICON_NAME = AppIcon;
				INFOPLIST_FILE = Tilyn/Info.plist;
				LD_RUNPATH_SEARCH_PATHS = "$(inherited) @executable_path/Frameworks";
				PRODUCT_BUNDLE_IDENTIFIER = Yudiz.Tilyn;
				PRODUCT_NAME = "$(TARGET_NAME)";
				SWIFT_VERSION = 3.0;
			};
			name = Debug;
		};
		6929DF1E1E13B546002EDCC2 /* Release */ = {
			isa = XCBuildConfiguration;
			buildSettings = {
				ASSETCATALOG_COMPILER_APPICON_NAME = AppIcon;
				INFOPLIST_FILE = Tilyn/Info.plist;
				LD_RUNPATH_SEARCH_PATHS = "$(inherited) @executable_path/Frameworks";
				PRODUCT_BUNDLE_IDENTIFIER = Yudiz.Tilyn;
				PRODUCT_NAME = "$(TARGET_NAME)";
				SWIFT_VERSION = 3.0;
			};
			name = Release;
		};
/* End XCBuildConfiguration section */

/* Begin XCConfigurationList section */
		6929DF021E13B546002EDCC2 /* Build configuration list for PBXProject "Tilyn" */ = {
			isa = XCConfigurationList;
			buildConfigurations = (
				6929DF1A1E13B546002EDCC2 /* Debug */,
				6929DF1B1E13B546002EDCC2 /* Release */,
			);
			defaultConfigurationIsVisible = 0;
			defaultConfigurationName = Release;
		};
		6929DF1C1E13B546002EDCC2 /* Build configuration list for PBXNativeTarget "Tilyn" */ = {
			isa = XCConfigurationList;
			buildConfigurations = (
				6929DF1D1E13B546002EDCC2 /* Debug */,
				6929DF1E1E13B546002EDCC2 /* Release */,
			);
			defaultConfigurationIsVisible = 0;
		};
/* End XCConfigurationList section */

/* Begin XCVersionGroup section */
		6929DF111E13B546002EDCC2 /* Tilyn.xcdatamodeld */ = {
			isa = XCVersionGroup;
			children = (
				6929DF121E13B546002EDCC2 /* Tilyn.xcdatamodel */,
			);
			currentVersion = 6929DF121E13B546002EDCC2 /* Tilyn.xcdatamodel */;
			path = Tilyn.xcdatamodeld;
			sourceTree = "<group>";
			versionGroupType = wrapper.xcdatamodel;
		};
/* End XCVersionGroup section */
	};
	rootObject = 6929DEFF1E13B546002EDCC2 /* Project object */;
}
