// !$*UTF8*$!
{
	archiveVersion = 1;
	classes = {
	};
	objectVersion = 46;
	objects = {

/* Begin PBXBuildFile section */
		6901186A1E2C95A5000B6961 /* OfferDetailVC.swift in Sources */ = {isa = PBXBuildFile; fileRef = 690118691E2C95A5000B6961 /* OfferDetailVC.swift */; };
		6929DF101E13B546002EDCC2 /* Main.storyboard in Resources */ = {isa = PBXBuildFile; fileRef = 6929DF0E1E13B546002EDCC2 /* Main.storyboard */; };
		6929DF131E13B546002EDCC2 /* Tilyn.xcdatamodeld in Sources */ = {isa = PBXBuildFile; fileRef = 6929DF111E13B546002EDCC2 /* Tilyn.xcdatamodeld */; };
		6929DF151E13B546002EDCC2 /* Assets.xcassets in Resources */ = {isa = PBXBuildFile; fileRef = 6929DF141E13B546002EDCC2 /* Assets.xcassets */; };
		6929DF181E13B546002EDCC2 /* LaunchScreen.storyboard in Resources */ = {isa = PBXBuildFile; fileRef = 6929DF161E13B546002EDCC2 /* LaunchScreen.storyboard */; };
		6929DF241E13B628002EDCC2 /* AppDelegate.swift in Sources */ = {isa = PBXBuildFile; fileRef = 6929DF231E13B628002EDCC2 /* AppDelegate.swift */; };
		6929DF261E13B8E2002EDCC2 /* ReadMe.text in Sources */ = {isa = PBXBuildFile; fileRef = 6929DF251E13B8E2002EDCC2 /* ReadMe.text */; };
		6929DF291E13BBA6002EDCC2 /* ParentViewController.swift in Sources */ = {isa = PBXBuildFile; fileRef = 6929DF281E13BBA6002EDCC2 /* ParentViewController.swift */; };
		6929DF2D1E13BE00002EDCC2 /* VExtensions.swift in Sources */ = {isa = PBXBuildFile; fileRef = 6929DF2C1E13BE00002EDCC2 /* VExtensions.swift */; };
		6929DF2F1E13BF04002EDCC2 /* Constants.swift in Sources */ = {isa = PBXBuildFile; fileRef = 6929DF2E1E13BF04002EDCC2 /* Constants.swift */; };
		6929DF311E13C0C0002EDCC2 /* ConstrainedSubclasses.swift in Sources */ = {isa = PBXBuildFile; fileRef = 6929DF301E13C0C0002EDCC2 /* ConstrainedSubclasses.swift */; };
		6929DF341E13C9B0002EDCC2 /* ContainerVC.swift in Sources */ = {isa = PBXBuildFile; fileRef = 6929DF331E13C9B0002EDCC2 /* ContainerVC.swift */; };
		69302AE01E24A73000734CB9 /* Reward.swift in Sources */ = {isa = PBXBuildFile; fileRef = 69302ADF1E24A73000734CB9 /* Reward.swift */; };
		69302AE21E24BCCB00734CB9 /* Offer.swift in Sources */ = {isa = PBXBuildFile; fileRef = 69302AE11E24BCCB00734CB9 /* Offer.swift */; };
		69567C691E1E099800556A3F /* StoreDetailVC.swift in Sources */ = {isa = PBXBuildFile; fileRef = 69567C681E1E099800556A3F /* StoreDetailVC.swift */; };
		69620DB81E1A1A60006D2E2C /* SearchViewController.swift in Sources */ = {isa = PBXBuildFile; fileRef = 69620DB71E1A1A60006D2E2C /* SearchViewController.swift */; };
		696421781E163256003FF813 /* BlurViews.swift in Sources */ = {isa = PBXBuildFile; fileRef = 696421771E163256003FF813 /* BlurViews.swift */; };
		6964217B1E1635D2003FF813 /* LoginViewController.swift in Sources */ = {isa = PBXBuildFile; fileRef = 6964217A1E1635D2003FF813 /* LoginViewController.swift */; };
		6969B31A1E1CC54D0093F02C /* SettingsViewController.swift in Sources */ = {isa = PBXBuildFile; fileRef = 6969B3191E1CC54D0093F02C /* SettingsViewController.swift */; };
		6969B31C1E1CC8F00093F02C /* CustomTabbarController.swift in Sources */ = {isa = PBXBuildFile; fileRef = 6969B31B1E1CC8F00093F02C /* CustomTabbarController.swift */; };
		6969B31F1E1CDCD90093F02C /* ProfileViewController.swift in Sources */ = {isa = PBXBuildFile; fileRef = 6969B31E1E1CDCD90093F02C /* ProfileViewController.swift */; };
		6969B3201E1CEBAC0093F02C /* KeepCalm-Medium.ttf in Resources */ = {isa = PBXBuildFile; fileRef = 696421751E162F18003FF813 /* KeepCalm-Medium.ttf */; };
		6984B5F31E14D77200006205 /* HomeViewController.swift in Sources */ = {isa = PBXBuildFile; fileRef = 6984B5F21E14D77200006205 /* HomeViewController.swift */; };
		6984B5F61E14DA3500006205 /* HorizontolMenuView.swift in Sources */ = {isa = PBXBuildFile; fileRef = 6984B5F51E14DA3500006205 /* HorizontolMenuView.swift */; };
		6984B5F81E14DB2B00006205 /* HorizontolMenuView.xib in Resources */ = {isa = PBXBuildFile; fileRef = 6984B5F71E14DB2B00006205 /* HorizontolMenuView.xib */; };
		6984B5FA1E14E13900006205 /* HorizontolMenuCell.xib in Resources */ = {isa = PBXBuildFile; fileRef = 6984B5F91E14E13900006205 /* HorizontolMenuCell.xib */; };
		699942221E1F5A3600B526E7 /* MapViewController.swift in Sources */ = {isa = PBXBuildFile; fileRef = 699942211E1F5A3600B526E7 /* MapViewController.swift */; };
		699942451E1F927D00B526E7 /* Webservice.swift in Sources */ = {isa = PBXBuildFile; fileRef = 699942441E1F927D00B526E7 /* Webservice.swift */; };
		69A25DEA1E261BF9009A14AD /* UserLocation.swift in Sources */ = {isa = PBXBuildFile; fileRef = 69A25DE91E261BF9009A14AD /* UserLocation.swift */; };
		69A25DEC1E264AFC009A14AD /* StringExtension.swift in Sources */ = {isa = PBXBuildFile; fileRef = 69A25DEB1E264AFC009A14AD /* StringExtension.swift */; };
		69A25DEE1E265C38009A14AD /* CustomActivityIndicatorView.swift in Sources */ = {isa = PBXBuildFile; fileRef = 69A25DED1E265C38009A14AD /* CustomActivityIndicatorView.swift */; };
		69A34DF61E1E5570009EE9CA /* IntrectiveNavigationCtroller.swift in Sources */ = {isa = PBXBuildFile; fileRef = 69A34DF51E1E5570009EE9CA /* IntrectiveNavigationCtroller.swift */; };
		69D3382F1E2E0E5C005EDC70 /* BeaconManager.swift in Sources */ = {isa = PBXBuildFile; fileRef = 69D3382E1E2E0E5C005EDC70 /* BeaconManager.swift */; };
		69D338311E2E0EE6005EDC70 /* CoreLocation.framework in Frameworks */ = {isa = PBXBuildFile; fileRef = 69D338301E2E0EE6005EDC70 /* CoreLocation.framework */; };
		69D8DD461E235563009D7997 /* User.swift in Sources */ = {isa = PBXBuildFile; fileRef = 69D8DD451E235563009D7997 /* User.swift */; };
		69D8DD4E1E235BEE009D7997 /* ValidationToast.swift in Sources */ = {isa = PBXBuildFile; fileRef = 69D8DD491E235BEE009D7997 /* ValidationToast.swift */; };
		69D8DD4F1E235BEE009D7997 /* ValidationToast.xib in Resources */ = {isa = PBXBuildFile; fileRef = 69D8DD4A1E235BEE009D7997 /* ValidationToast.xib */; };
		69D8DD501E235BEE009D7997 /* ValidationToastBar.xib in Resources */ = {isa = PBXBuildFile; fileRef = 69D8DD4B1E235BEE009D7997 /* ValidationToastBar.xib */; };
		69D8DD511E235BEE009D7997 /* VNoDataView.swift in Sources */ = {isa = PBXBuildFile; fileRef = 69D8DD4C1E235BEE009D7997 /* VNoDataView.swift */; };
		69D8DD521E235BEE009D7997 /* VNoDataView.xib in Resources */ = {isa = PBXBuildFile; fileRef = 69D8DD4D1E235BEE009D7997 /* VNoDataView.xib */; };
		69D8DD541E2367C1009D7997 /* RawdataConverter.swift in Sources */ = {isa = PBXBuildFile; fileRef = 69D8DD531E2367C1009D7997 /* RawdataConverter.swift */; };
		69D8DD581E23BD84009D7997 /* Webservice+APICalls.swift in Sources */ = {isa = PBXBuildFile; fileRef = 69D8DD571E23BD84009D7997 /* Webservice+APICalls.swift */; };
		69D8DD5A1E23BD9D009D7997 /* Business.swift in Sources */ = {isa = PBXBuildFile; fileRef = 69D8DD591E23BD9D009D7997 /* Business.swift */; };
		69DD63851E1D0B4200FD0901 /* Bolts.framework in Frameworks */ = {isa = PBXBuildFile; fileRef = 69DD63821E1D0B4200FD0901 /* Bolts.framework */; };
		69DD63861E1D0B4200FD0901 /* FBSDKCoreKit.framework in Frameworks */ = {isa = PBXBuildFile; fileRef = 69DD63831E1D0B4200FD0901 /* FBSDKCoreKit.framework */; };
		69DD63871E1D0B4200FD0901 /* FBSDKLoginKit.framework in Frameworks */ = {isa = PBXBuildFile; fileRef = 69DD63841E1D0B4200FD0901 /* FBSDKLoginKit.framework */; };
		69E491E71E2CEB89007D612F /* RewardDetailVC.swift in Sources */ = {isa = PBXBuildFile; fileRef = 69E491E61E2CEB89007D612F /* RewardDetailVC.swift */; };
		C61C29B89E34AA63244450D0 /* Pods_Tilyn.framework in Frameworks */ = {isa = PBXBuildFile; fileRef = 9834BA011732D617A2968FBA /* Pods_Tilyn.framework */; };
/* End PBXBuildFile section */

/* Begin PBXFileReference section */
		602FAE86220F0D9F3BBC81BD /* Pods-Tilyn.release.xcconfig */ = {isa = PBXFileReference; includeInIndex = 1; lastKnownFileType = text.xcconfig; name = "Pods-Tilyn.release.xcconfig"; path = "Pods/Target Support Files/Pods-Tilyn/Pods-Tilyn.release.xcconfig"; sourceTree = "<group>"; };
		690118691E2C95A5000B6961 /* OfferDetailVC.swift */ = {isa = PBXFileReference; fileEncoding = 4; lastKnownFileType = sourcecode.swift; path = OfferDetailVC.swift; sourceTree = "<group>"; };
		6929DF071E13B546002EDCC2 /* Tilyn.app */ = {isa = PBXFileReference; explicitFileType = wrapper.application; includeInIndex = 0; path = Tilyn.app; sourceTree = BUILT_PRODUCTS_DIR; };
		6929DF0F1E13B546002EDCC2 /* Base */ = {isa = PBXFileReference; lastKnownFileType = file.storyboard; name = Base; path = Base.lproj/Main.storyboard; sourceTree = "<group>"; };
		6929DF121E13B546002EDCC2 /* Tilyn.xcdatamodel */ = {isa = PBXFileReference; lastKnownFileType = wrapper.xcdatamodel; path = Tilyn.xcdatamodel; sourceTree = "<group>"; };
		6929DF141E13B546002EDCC2 /* Assets.xcassets */ = {isa = PBXFileReference; lastKnownFileType = folder.assetcatalog; path = Assets.xcassets; sourceTree = "<group>"; };
		6929DF171E13B546002EDCC2 /* Base */ = {isa = PBXFileReference; lastKnownFileType = file.storyboard; name = Base; path = Base.lproj/LaunchScreen.storyboard; sourceTree = "<group>"; };
		6929DF191E13B546002EDCC2 /* Info.plist */ = {isa = PBXFileReference; lastKnownFileType = text.plist.xml; path = Info.plist; sourceTree = "<group>"; };
		6929DF231E13B628002EDCC2 /* AppDelegate.swift */ = {isa = PBXFileReference; fileEncoding = 4; lastKnownFileType = sourcecode.swift; path = AppDelegate.swift; sourceTree = "<group>"; };
		6929DF251E13B8E2002EDCC2 /* ReadMe.text */ = {isa = PBXFileReference; fileEncoding = 4; lastKnownFileType = net.daringfireball.markdown; path = ReadMe.text; sourceTree = "<group>"; };
		6929DF281E13BBA6002EDCC2 /* ParentViewController.swift */ = {isa = PBXFileReference; fileEncoding = 4; lastKnownFileType = sourcecode.swift; path = ParentViewController.swift; sourceTree = "<group>"; };
		6929DF2C1E13BE00002EDCC2 /* VExtensions.swift */ = {isa = PBXFileReference; fileEncoding = 4; lastKnownFileType = sourcecode.swift; path = VExtensions.swift; sourceTree = "<group>"; };
		6929DF2E1E13BF04002EDCC2 /* Constants.swift */ = {isa = PBXFileReference; fileEncoding = 4; lastKnownFileType = sourcecode.swift; path = Constants.swift; sourceTree = "<group>"; };
		6929DF301E13C0C0002EDCC2 /* ConstrainedSubclasses.swift */ = {isa = PBXFileReference; fileEncoding = 4; lastKnownFileType = sourcecode.swift; path = ConstrainedSubclasses.swift; sourceTree = "<group>"; };
		6929DF331E13C9B0002EDCC2 /* ContainerVC.swift */ = {isa = PBXFileReference; fileEncoding = 4; lastKnownFileType = sourcecode.swift; path = ContainerVC.swift; sourceTree = "<group>"; };
		69302ADF1E24A73000734CB9 /* Reward.swift */ = {isa = PBXFileReference; fileEncoding = 4; lastKnownFileType = sourcecode.swift; name = Reward.swift; path = Classess/Reward.swift; sourceTree = "<group>"; };
		69302AE11E24BCCB00734CB9 /* Offer.swift */ = {isa = PBXFileReference; fileEncoding = 4; lastKnownFileType = sourcecode.swift; name = Offer.swift; path = Classess/Offer.swift; sourceTree = "<group>"; };
		69567C681E1E099800556A3F /* StoreDetailVC.swift */ = {isa = PBXFileReference; fileEncoding = 4; lastKnownFileType = sourcecode.swift; path = StoreDetailVC.swift; sourceTree = "<group>"; };
		69567C6A1E1E311A00556A3F /* MapKit.framework */ = {isa = PBXFileReference; lastKnownFileType = wrapper.framework; name = MapKit.framework; path = System/Library/Frameworks/MapKit.framework; sourceTree = SDKROOT; };
		69620DB71E1A1A60006D2E2C /* SearchViewController.swift */ = {isa = PBXFileReference; fileEncoding = 4; lastKnownFileType = sourcecode.swift; path = SearchViewController.swift; sourceTree = "<group>"; };
		696421751E162F18003FF813 /* KeepCalm-Medium.ttf */ = {isa = PBXFileReference; lastKnownFileType = file; path = "KeepCalm-Medium.ttf"; sourceTree = "<group>"; };
		696421771E163256003FF813 /* BlurViews.swift */ = {isa = PBXFileReference; fileEncoding = 4; lastKnownFileType = sourcecode.swift; path = BlurViews.swift; sourceTree = "<group>"; };
		6964217A1E1635D2003FF813 /* LoginViewController.swift */ = {isa = PBXFileReference; fileEncoding = 4; lastKnownFileType = sourcecode.swift; path = LoginViewController.swift; sourceTree = "<group>"; };
		6969B3191E1CC54D0093F02C /* SettingsViewController.swift */ = {isa = PBXFileReference; fileEncoding = 4; lastKnownFileType = sourcecode.swift; path = SettingsViewController.swift; sourceTree = "<group>"; };
		6969B31B1E1CC8F00093F02C /* CustomTabbarController.swift */ = {isa = PBXFileReference; fileEncoding = 4; lastKnownFileType = sourcecode.swift; path = CustomTabbarController.swift; sourceTree = "<group>"; };
		6969B31E1E1CDCD90093F02C /* ProfileViewController.swift */ = {isa = PBXFileReference; fileEncoding = 4; lastKnownFileType = sourcecode.swift; path = ProfileViewController.swift; sourceTree = "<group>"; };
		6984B5F21E14D77200006205 /* HomeViewController.swift */ = {isa = PBXFileReference; fileEncoding = 4; lastKnownFileType = sourcecode.swift; path = HomeViewController.swift; sourceTree = "<group>"; };
		6984B5F51E14DA3500006205 /* HorizontolMenuView.swift */ = {isa = PBXFileReference; fileEncoding = 4; lastKnownFileType = sourcecode.swift; path = HorizontolMenuView.swift; sourceTree = "<group>"; };
		6984B5F71E14DB2B00006205 /* HorizontolMenuView.xib */ = {isa = PBXFileReference; fileEncoding = 4; lastKnownFileType = file.xib; path = HorizontolMenuView.xib; sourceTree = "<group>"; };
		6984B5F91E14E13900006205 /* HorizontolMenuCell.xib */ = {isa = PBXFileReference; fileEncoding = 4; lastKnownFileType = file.xib; path = HorizontolMenuCell.xib; sourceTree = "<group>"; };
		699942211E1F5A3600B526E7 /* MapViewController.swift */ = {isa = PBXFileReference; fileEncoding = 4; lastKnownFileType = sourcecode.swift; path = MapViewController.swift; sourceTree = "<group>"; };
		699942441E1F927D00B526E7 /* Webservice.swift */ = {isa = PBXFileReference; fileEncoding = 4; lastKnownFileType = sourcecode.swift; name = Webservice.swift; path = Classess/Webservice.swift; sourceTree = "<group>"; };
		69A25DE91E261BF9009A14AD /* UserLocation.swift */ = {isa = PBXFileReference; fileEncoding = 4; lastKnownFileType = sourcecode.swift; path = UserLocation.swift; sourceTree = "<group>"; };
		69A25DEB1E264AFC009A14AD /* StringExtension.swift */ = {isa = PBXFileReference; fileEncoding = 4; lastKnownFileType = sourcecode.swift; path = StringExtension.swift; sourceTree = "<group>"; };
		69A25DED1E265C38009A14AD /* CustomActivityIndicatorView.swift */ = {isa = PBXFileReference; fileEncoding = 4; lastKnownFileType = sourcecode.swift; path = CustomActivityIndicatorView.swift; sourceTree = "<group>"; };
		69A34DF51E1E5570009EE9CA /* IntrectiveNavigationCtroller.swift */ = {isa = PBXFileReference; fileEncoding = 4; lastKnownFileType = sourcecode.swift; path = IntrectiveNavigationCtroller.swift; sourceTree = "<group>"; };
		69D3382E1E2E0E5C005EDC70 /* BeaconManager.swift */ = {isa = PBXFileReference; fileEncoding = 4; lastKnownFileType = sourcecode.swift; path = BeaconManager.swift; sourceTree = "<group>"; };
		69D338301E2E0EE6005EDC70 /* CoreLocation.framework */ = {isa = PBXFileReference; lastKnownFileType = wrapper.framework; name = CoreLocation.framework; path = System/Library/Frameworks/CoreLocation.framework; sourceTree = SDKROOT; };
		69D8DD451E235563009D7997 /* User.swift */ = {isa = PBXFileReference; fileEncoding = 4; lastKnownFileType = sourcecode.swift; name = User.swift; path = Classess/User.swift; sourceTree = "<group>"; };
		69D8DD491E235BEE009D7997 /* ValidationToast.swift */ = {isa = PBXFileReference; fileEncoding = 4; lastKnownFileType = sourcecode.swift; path = ValidationToast.swift; sourceTree = "<group>"; };
		69D8DD4A1E235BEE009D7997 /* ValidationToast.xib */ = {isa = PBXFileReference; fileEncoding = 4; lastKnownFileType = file.xib; path = ValidationToast.xib; sourceTree = "<group>"; };
		69D8DD4B1E235BEE009D7997 /* ValidationToastBar.xib */ = {isa = PBXFileReference; fileEncoding = 4; lastKnownFileType = file.xib; path = ValidationToastBar.xib; sourceTree = "<group>"; };
		69D8DD4C1E235BEE009D7997 /* VNoDataView.swift */ = {isa = PBXFileReference; fileEncoding = 4; lastKnownFileType = sourcecode.swift; path = VNoDataView.swift; sourceTree = "<group>"; };
		69D8DD4D1E235BEE009D7997 /* VNoDataView.xib */ = {isa = PBXFileReference; fileEncoding = 4; lastKnownFileType = file.xib; path = VNoDataView.xib; sourceTree = "<group>"; };
		69D8DD531E2367C1009D7997 /* RawdataConverter.swift */ = {isa = PBXFileReference; fileEncoding = 4; lastKnownFileType = sourcecode.swift; path = RawdataConverter.swift; sourceTree = "<group>"; };
		69D8DD571E23BD84009D7997 /* Webservice+APICalls.swift */ = {isa = PBXFileReference; fileEncoding = 4; lastKnownFileType = sourcecode.swift; name = "Webservice+APICalls.swift"; path = "Classess/Webservice+APICalls.swift"; sourceTree = "<group>"; };
		69D8DD591E23BD9D009D7997 /* Business.swift */ = {isa = PBXFileReference; fileEncoding = 4; lastKnownFileType = sourcecode.swift; name = Business.swift; path = Classess/Business.swift; sourceTree = "<group>"; };
		69DD63821E1D0B4200FD0901 /* Bolts.framework */ = {isa = PBXFileReference; lastKnownFileType = wrapper.framework; path = Bolts.framework; sourceTree = "<group>"; };
		69DD63831E1D0B4200FD0901 /* FBSDKCoreKit.framework */ = {isa = PBXFileReference; lastKnownFileType = wrapper.framework; path = FBSDKCoreKit.framework; sourceTree = "<group>"; };
		69DD63841E1D0B4200FD0901 /* FBSDKLoginKit.framework */ = {isa = PBXFileReference; lastKnownFileType = wrapper.framework; path = FBSDKLoginKit.framework; sourceTree = "<group>"; };
		69E491E61E2CEB89007D612F /* RewardDetailVC.swift */ = {isa = PBXFileReference; fileEncoding = 4; lastKnownFileType = sourcecode.swift; path = RewardDetailVC.swift; sourceTree = "<group>"; };
		9834BA011732D617A2968FBA /* Pods_Tilyn.framework */ = {isa = PBXFileReference; explicitFileType = wrapper.framework; includeInIndex = 0; path = Pods_Tilyn.framework; sourceTree = BUILT_PRODUCTS_DIR; };
		B407992B601AABBB12D183A9 /* Pods-Tilyn.debug.xcconfig */ = {isa = PBXFileReference; includeInIndex = 1; lastKnownFileType = text.xcconfig; name = "Pods-Tilyn.debug.xcconfig"; path = "Pods/Target Support Files/Pods-Tilyn/Pods-Tilyn.debug.xcconfig"; sourceTree = "<group>"; };
/* End PBXFileReference section */

/* Begin PBXFrameworksBuildPhase section */
		6929DF041E13B546002EDCC2 /* Frameworks */ = {
			isa = PBXFrameworksBuildPhase;
			buildActionMask = 2147483647;
			files = (
				69D338311E2E0EE6005EDC70 /* CoreLocation.framework in Frameworks */,
				69DD63851E1D0B4200FD0901 /* Bolts.framework in Frameworks */,
				69DD63861E1D0B4200FD0901 /* FBSDKCoreKit.framework in Frameworks */,
				69DD63871E1D0B4200FD0901 /* FBSDKLoginKit.framework in Frameworks */,
				C61C29B89E34AA63244450D0 /* Pods_Tilyn.framework in Frameworks */,
			);
			runOnlyForDeploymentPostprocessing = 0;
		};
/* End PBXFrameworksBuildPhase section */

/* Begin PBXGroup section */
		6929DEFE1E13B546002EDCC2 = {
			isa = PBXGroup;
			children = (
				6929DF251E13B8E2002EDCC2 /* ReadMe.text */,
				6929DF091E13B546002EDCC2 /* Tilyn */,
				69DD63811E1D0B4200FD0901 /* Frameworks */,
				6929DF081E13B546002EDCC2 /* Products */,
				6F756CBD2D088ECA24581906 /* Pods */,
			);
			sourceTree = "<group>";
		};
		6929DF081E13B546002EDCC2 /* Products */ = {
			isa = PBXGroup;
			children = (
				6929DF071E13B546002EDCC2 /* Tilyn.app */,
			);
			name = Products;
			sourceTree = "<group>";
		};
		6929DF091E13B546002EDCC2 /* Tilyn */ = {
			isa = PBXGroup;
			children = (
				6929DF321E13C3E2002EDCC2 /* Storyboards */,
				6929DF201E13B5EE002EDCC2 /* ViewControllers */,
				699942431E1F922F00B526E7 /* Models_WebServices */,
				69D8DD471E2358FF009D7997 /* CustomViews */,
				6929DF1F1E13B5E0002EDCC2 /* Other */,
				6929DF141E13B546002EDCC2 /* Assets.xcassets */,
				6929DF191E13B546002EDCC2 /* Info.plist */,
				6929DF111E13B546002EDCC2 /* Tilyn.xcdatamodeld */,
			);
			path = Tilyn;
			sourceTree = "<group>";
		};
		6929DF1F1E13B5E0002EDCC2 /* Other */ = {
			isa = PBXGroup;
			children = (
				69D3382D1E2E0E40005EDC70 /* BeaconManager */,
				6929DF2E1E13BF04002EDCC2 /* Constants.swift */,
				696421741E162F18003FF813 /* Font-keep_calm */,
				6929DF2B1E13BDEA002EDCC2 /* Extenstions */,
			);
			path = Other;
			sourceTree = "<group>";
		};
		6929DF201E13B5EE002EDCC2 /* ViewControllers */ = {
			isa = PBXGroup;
			children = (
				6984B5F11E14D74C00006205 /* AppDelegate */,
				696421791E1635B4003FF813 /* Login */,
				6929DF271E13B9B1002EDCC2 /* ContainerVC */,
				6984B5F01E14D74100006205 /* Home */,
				6969B31D1E1CDCC20093F02C /* ProfileVC */,
				6969B3181E1CC52E0093F02C /* Settings */,
				69DD63881E1D165A00FD0901 /* StoreDetailVC */,
				699942201E1F59D900B526E7 /* MapViewController */,
				6929DF2A1E13BBAC002EDCC2 /* ParentClassess */,
			);
			path = ViewControllers;
			sourceTree = "<group>";
		};
		6929DF271E13B9B1002EDCC2 /* ContainerVC */ = {
			isa = PBXGroup;
			children = (
				6929DF331E13C9B0002EDCC2 /* ContainerVC.swift */,
			);
			name = ContainerVC;
			sourceTree = "<group>";
		};
		6929DF2A1E13BBAC002EDCC2 /* ParentClassess */ = {
			isa = PBXGroup;
			children = (
				6929DF281E13BBA6002EDCC2 /* ParentViewController.swift */,
				6969B31B1E1CC8F00093F02C /* CustomTabbarController.swift */,
				69A34DF51E1E5570009EE9CA /* IntrectiveNavigationCtroller.swift */,
			);
			name = ParentClassess;
			sourceTree = "<group>";
		};
		6929DF2B1E13BDEA002EDCC2 /* Extenstions */ = {
			isa = PBXGroup;
			children = (
				69A25DED1E265C38009A14AD /* CustomActivityIndicatorView.swift */,
				69A25DEB1E264AFC009A14AD /* StringExtension.swift */,
				696421771E163256003FF813 /* BlurViews.swift */,
				6929DF301E13C0C0002EDCC2 /* ConstrainedSubclasses.swift */,
				69D8DD531E2367C1009D7997 /* RawdataConverter.swift */,
				69A25DE91E261BF9009A14AD /* UserLocation.swift */,
				6929DF2C1E13BE00002EDCC2 /* VExtensions.swift */,
			);
			path = Extenstions;
			sourceTree = "<group>";
		};
		6929DF321E13C3E2002EDCC2 /* Storyboards */ = {
			isa = PBXGroup;
			children = (
				6929DF0E1E13B546002EDCC2 /* Main.storyboard */,
				6929DF161E13B546002EDCC2 /* LaunchScreen.storyboard */,
			);
			name = Storyboards;
			sourceTree = "<group>";
		};
		696421741E162F18003FF813 /* Font-keep_calm */ = {
			isa = PBXGroup;
			children = (
				696421751E162F18003FF813 /* KeepCalm-Medium.ttf */,
			);
			name = "Font-keep_calm";
			path = keep_calm;
			sourceTree = "<group>";
		};
		696421791E1635B4003FF813 /* Login */ = {
			isa = PBXGroup;
			children = (
				6964217A1E1635D2003FF813 /* LoginViewController.swift */,
			);
			name = Login;
			sourceTree = "<group>";
		};
		6969B3181E1CC52E0093F02C /* Settings */ = {
			isa = PBXGroup;
			children = (
				6969B3191E1CC54D0093F02C /* SettingsViewController.swift */,
			);
			name = Settings;
			sourceTree = "<group>";
		};
		6969B31D1E1CDCC20093F02C /* ProfileVC */ = {
			isa = PBXGroup;
			children = (
				6969B31E1E1CDCD90093F02C /* ProfileViewController.swift */,
			);
			name = ProfileVC;
			sourceTree = "<group>";
		};
		6984B5F01E14D74100006205 /* Home */ = {
			isa = PBXGroup;
			children = (
				6984B5F21E14D77200006205 /* HomeViewController.swift */,
				69620DB71E1A1A60006D2E2C /* SearchViewController.swift */,
				690118691E2C95A5000B6961 /* OfferDetailVC.swift */,
				69E491E61E2CEB89007D612F /* RewardDetailVC.swift */,
			);
			name = Home;
			sourceTree = "<group>";
		};
		6984B5F11E14D74C00006205 /* AppDelegate */ = {
			isa = PBXGroup;
			children = (
				6929DF231E13B628002EDCC2 /* AppDelegate.swift */,
			);
			name = AppDelegate;
			sourceTree = "<group>";
		};
		6984B5F41E14D9F500006205 /* HorizontolMenuView */ = {
			isa = PBXGroup;
			children = (
				6984B5F51E14DA3500006205 /* HorizontolMenuView.swift */,
				6984B5F71E14DB2B00006205 /* HorizontolMenuView.xib */,
				6984B5F91E14E13900006205 /* HorizontolMenuCell.xib */,
			);
			name = HorizontolMenuView;
			path = Other;
			sourceTree = "<group>";
		};
		699942201E1F59D900B526E7 /* MapViewController */ = {
			isa = PBXGroup;
			children = (
				699942211E1F5A3600B526E7 /* MapViewController.swift */,
			);
			name = MapViewController;
			sourceTree = "<group>";
		};
		699942431E1F922F00B526E7 /* Models_WebServices */ = {
			isa = PBXGroup;
			children = (
				69D8DD441E235524009D7997 /* Models */,
				699942481E1F9AAB00B526E7 /* Webservice */,
			);
			name = Models_WebServices;
			sourceTree = "<group>";
		};
		699942481E1F9AAB00B526E7 /* Webservice */ = {
			isa = PBXGroup;
			children = (
				69D8DD571E23BD84009D7997 /* Webservice+APICalls.swift */,
				699942441E1F927D00B526E7 /* Webservice.swift */,
			);
			name = Webservice;
			sourceTree = "<group>";
		};
		69D3382D1E2E0E40005EDC70 /* BeaconManager */ = {
			isa = PBXGroup;
			children = (
				69D3382E1E2E0E5C005EDC70 /* BeaconManager.swift */,
			);
			name = BeaconManager;
			sourceTree = "<group>";
		};
		69D8DD441E235524009D7997 /* Models */ = {
			isa = PBXGroup;
			children = (
				69D8DD451E235563009D7997 /* User.swift */,
				69D8DD591E23BD9D009D7997 /* Business.swift */,
				69302ADF1E24A73000734CB9 /* Reward.swift */,
				69302AE11E24BCCB00734CB9 /* Offer.swift */,
			);
			name = Models;
			sourceTree = "<group>";
		};
		69D8DD471E2358FF009D7997 /* CustomViews */ = {
			isa = PBXGroup;
			children = (
				69D8DD481E235BEE009D7997 /* ValidationToast */,
				6984B5F41E14D9F500006205 /* HorizontolMenuView */,
			);
			name = CustomViews;
			sourceTree = "<group>";
		};
		69D8DD481E235BEE009D7997 /* ValidationToast */ = {
			isa = PBXGroup;
			children = (
				69D8DD491E235BEE009D7997 /* ValidationToast.swift */,
				69D8DD4A1E235BEE009D7997 /* ValidationToast.xib */,
				69D8DD4B1E235BEE009D7997 /* ValidationToastBar.xib */,
				69D8DD4C1E235BEE009D7997 /* VNoDataView.swift */,
				69D8DD4D1E235BEE009D7997 /* VNoDataView.xib */,
			);
			path = ValidationToast;
			sourceTree = "<group>";
		};
		69DD63811E1D0B4200FD0901 /* Frameworks */ = {
			isa = PBXGroup;
			children = (
				69D338301E2E0EE6005EDC70 /* CoreLocation.framework */,
				69567C6A1E1E311A00556A3F /* MapKit.framework */,
				69DD63821E1D0B4200FD0901 /* Bolts.framework */,
				69DD63831E1D0B4200FD0901 /* FBSDKCoreKit.framework */,
				69DD63841E1D0B4200FD0901 /* FBSDKLoginKit.framework */,
				9834BA011732D617A2968FBA /* Pods_Tilyn.framework */,
			);
			path = Frameworks;
			sourceTree = "<group>";
		};
		69DD63881E1D165A00FD0901 /* StoreDetailVC */ = {
			isa = PBXGroup;
			children = (
				69567C681E1E099800556A3F /* StoreDetailVC.swift */,
			);
			name = StoreDetailVC;
			sourceTree = "<group>";
		};
		6F756CBD2D088ECA24581906 /* Pods */ = {
			isa = PBXGroup;
			children = (
				B407992B601AABBB12D183A9 /* Pods-Tilyn.debug.xcconfig */,
				602FAE86220F0D9F3BBC81BD /* Pods-Tilyn.release.xcconfig */,
			);
			name = Pods;
			sourceTree = "<group>";
		};
/* End PBXGroup section */

/* Begin PBXNativeTarget section */
		6929DF061E13B546002EDCC2 /* Tilyn */ = {
			isa = PBXNativeTarget;
			buildConfigurationList = 6929DF1C1E13B546002EDCC2 /* Build configuration list for PBXNativeTarget "Tilyn" */;
			buildPhases = (
				79C32104CEDBA1514106ECC2 /* [CP] Check Pods Manifest.lock */,
				6929DF031E13B546002EDCC2 /* Sources */,
				6929DF041E13B546002EDCC2 /* Frameworks */,
				6929DF051E13B546002EDCC2 /* Resources */,
				A72C83D391C65800645F4F13 /* [CP] Embed Pods Frameworks */,
				67A3377F7D29C3A06C9BBBEB /* [CP] Copy Pods Resources */,
			);
			buildRules = (
			);
			dependencies = (
			);
			name = Tilyn;
			productName = Tilyn;
			productReference = 6929DF071E13B546002EDCC2 /* Tilyn.app */;
			productType = "com.apple.product-type.application";
		};
/* End PBXNativeTarget section */

/* Begin PBXProject section */
		6929DEFF1E13B546002EDCC2 /* Project object */ = {
			isa = PBXProject;
			attributes = {
				LastSwiftUpdateCheck = 0810;
				LastUpgradeCheck = 0810;
				ORGANIZATIONNAME = "Yudiz Solutions Pvt. Ltd.";
				TargetAttributes = {
					6929DF061E13B546002EDCC2 = {
						CreatedOnToolsVersion = 8.1;
						DevelopmentTeam = 5GL3E4GW7P;
						ProvisioningStyle = Automatic;
					};
				};
			};
			buildConfigurationList = 6929DF021E13B546002EDCC2 /* Build configuration list for PBXProject "Tilyn" */;
			compatibilityVersion = "Xcode 3.2";
			developmentRegion = English;
			hasScannedForEncodings = 0;
			knownRegions = (
				en,
				Base,
			);
			mainGroup = 6929DEFE1E13B546002EDCC2;
			productRefGroup = 6929DF081E13B546002EDCC2 /* Products */;
			projectDirPath = "";
			projectRoot = "";
			targets = (
				6929DF061E13B546002EDCC2 /* Tilyn */,
			);
		};
/* End PBXProject section */

/* Begin PBXResourcesBuildPhase section */
		6929DF051E13B546002EDCC2 /* Resources */ = {
			isa = PBXResourcesBuildPhase;
			buildActionMask = 2147483647;
			files = (
				6929DF181E13B546002EDCC2 /* LaunchScreen.storyboard in Resources */,
				6929DF151E13B546002EDCC2 /* Assets.xcassets in Resources */,
				69D8DD501E235BEE009D7997 /* ValidationToastBar.xib in Resources */,
				6984B5FA1E14E13900006205 /* HorizontolMenuCell.xib in Resources */,
				69D8DD521E235BEE009D7997 /* VNoDataView.xib in Resources */,
				6929DF101E13B546002EDCC2 /* Main.storyboard in Resources */,
				69D8DD4F1E235BEE009D7997 /* ValidationToast.xib in Resources */,
				6984B5F81E14DB2B00006205 /* HorizontolMenuView.xib in Resources */,
				6969B3201E1CEBAC0093F02C /* KeepCalm-Medium.ttf in Resources */,
			);
			runOnlyForDeploymentPostprocessing = 0;
		};
/* End PBXResourcesBuildPhase section */

/* Begin PBXShellScriptBuildPhase section */
		67A3377F7D29C3A06C9BBBEB /* [CP] Copy Pods Resources */ = {
			isa = PBXShellScriptBuildPhase;
			buildActionMask = 2147483647;
			files = (
			);
			inputPaths = (
			);
			name = "[CP] Copy Pods Resources";
			outputPaths = (
			);
			runOnlyForDeploymentPostprocessing = 0;
			shellPath = /bin/sh;
			shellScript = "\"${SRCROOT}/Pods/Target Support Files/Pods-Tilyn/Pods-Tilyn-resources.sh\"\n";
			showEnvVarsInLog = 0;
		};
		79C32104CEDBA1514106ECC2 /* [CP] Check Pods Manifest.lock */ = {
			isa = PBXShellScriptBuildPhase;
			buildActionMask = 2147483647;
			files = (
			);
			inputPaths = (
			);
			name = "[CP] Check Pods Manifest.lock";
			outputPaths = (
			);
			runOnlyForDeploymentPostprocessing = 0;
			shellPath = /bin/sh;
			shellScript = "diff \"${PODS_ROOT}/../Podfile.lock\" \"${PODS_ROOT}/Manifest.lock\" > /dev/null\nif [ $? != 0 ] ; then\n    # print error to STDERR\n    echo \"error: The sandbox is not in sync with the Podfile.lock. Run 'pod install' or update your CocoaPods installation.\" >&2\n    exit 1\nfi\n";
			showEnvVarsInLog = 0;
		};
		A72C83D391C65800645F4F13 /* [CP] Embed Pods Frameworks */ = {
			isa = PBXShellScriptBuildPhase;
			buildActionMask = 2147483647;
			files = (
			);
			inputPaths = (
			);
			name = "[CP] Embed Pods Frameworks";
			outputPaths = (
			);
			runOnlyForDeploymentPostprocessing = 0;
			shellPath = /bin/sh;
			shellScript = "\"${SRCROOT}/Pods/Target Support Files/Pods-Tilyn/Pods-Tilyn-frameworks.sh\"\n";
			showEnvVarsInLog = 0;
		};
/* End PBXShellScriptBuildPhase section */

/* Begin PBXSourcesBuildPhase section */
		6929DF031E13B546002EDCC2 /* Sources */ = {
			isa = PBXSourcesBuildPhase;
			buildActionMask = 2147483647;
			files = (
				69302AE21E24BCCB00734CB9 /* Offer.swift in Sources */,
				6964217B1E1635D2003FF813 /* LoginViewController.swift in Sources */,
				69A25DEC1E264AFC009A14AD /* StringExtension.swift in Sources */,
				6929DF311E13C0C0002EDCC2 /* ConstrainedSubclasses.swift in Sources */,
				6984B5F61E14DA3500006205 /* HorizontolMenuView.swift in Sources */,
				6929DF2D1E13BE00002EDCC2 /* VExtensions.swift in Sources */,
				69D8DD541E2367C1009D7997 /* RawdataConverter.swift in Sources */,
				69D8DD511E235BEE009D7997 /* VNoDataView.swift in Sources */,
				696421781E163256003FF813 /* BlurViews.swift in Sources */,
				6929DF261E13B8E2002EDCC2 /* ReadMe.text in Sources */,
				69D8DD581E23BD84009D7997 /* Webservice+APICalls.swift in Sources */,
				6969B31F1E1CDCD90093F02C /* ProfileViewController.swift in Sources */,
				6901186A1E2C95A5000B6961 /* OfferDetailVC.swift in Sources */,
				699942221E1F5A3600B526E7 /* MapViewController.swift in Sources */,
				69A34DF61E1E5570009EE9CA /* IntrectiveNavigationCtroller.swift in Sources */,
				6929DF341E13C9B0002EDCC2 /* ContainerVC.swift in Sources */,
				69D8DD5A1E23BD9D009D7997 /* Business.swift in Sources */,
				69D8DD461E235563009D7997 /* User.swift in Sources */,
				6929DF291E13BBA6002EDCC2 /* ParentViewController.swift in Sources */,
				69620DB81E1A1A60006D2E2C /* SearchViewController.swift in Sources */,
				6969B31A1E1CC54D0093F02C /* SettingsViewController.swift in Sources */,
				69567C691E1E099800556A3F /* StoreDetailVC.swift in Sources */,
				69302AE01E24A73000734CB9 /* Reward.swift in Sources */,
				69D3382F1E2E0E5C005EDC70 /* BeaconManager.swift in Sources */,
				69E491E71E2CEB89007D612F /* RewardDetailVC.swift in Sources */,
				6969B31C1E1CC8F00093F02C /* CustomTabbarController.swift in Sources */,
				69A25DEE1E265C38009A14AD /* CustomActivityIndicatorView.swift in Sources */,
				6984B5F31E14D77200006205 /* HomeViewController.swift in Sources */,
				6929DF241E13B628002EDCC2 /* AppDelegate.swift in Sources */,
				69A25DEA1E261BF9009A14AD /* UserLocation.swift in Sources */,
				6929DF2F1E13BF04002EDCC2 /* Constants.swift in Sources */,
				699942451E1F927D00B526E7 /* Webservice.swift in Sources */,
				6929DF131E13B546002EDCC2 /* Tilyn.xcdatamodeld in Sources */,
				69D8DD4E1E235BEE009D7997 /* ValidationToast.swift in Sources */,
			);
			runOnlyForDeploymentPostprocessing = 0;
		};
/* End PBXSourcesBuildPhase section */

/* Begin PBXVariantGroup section */
		6929DF0E1E13B546002EDCC2 /* Main.storyboard */ = {
			isa = PBXVariantGroup;
			children = (
				6929DF0F1E13B546002EDCC2 /* Base */,
			);
			name = Main.storyboard;
			sourceTree = "<group>";
		};
		6929DF161E13B546002EDCC2 /* LaunchScreen.storyboard */ = {
			isa = PBXVariantGroup;
			children = (
				6929DF171E13B546002EDCC2 /* Base */,
			);
			name = LaunchScreen.storyboard;
			sourceTree = "<group>";
		};
/* End PBXVariantGroup section */

/* Begin XCBuildConfiguration section */
		6929DF1A1E13B546002EDCC2 /* Debug */ = {
			isa = XCBuildConfiguration;
			buildSettings = {
				ALWAYS_SEARCH_USER_PATHS = NO;
				CLANG_ANALYZER_NONNULL = YES;
				CLANG_CXX_LANGUAGE_STANDARD = "gnu++0x";
				CLANG_CXX_LIBRARY = "libc++";
				CLANG_ENABLE_MODULES = YES;
				CLANG_ENABLE_OBJC_ARC = YES;
				CLANG_WARN_BOOL_CONVERSION = YES;
				CLANG_WARN_CONSTANT_CONVERSION = YES;
				CLANG_WARN_DIRECT_OBJC_ISA_USAGE = YES_ERROR;
				CLANG_WARN_DOCUMENTATION_COMMENTS = YES;
				CLANG_WARN_EMPTY_BODY = YES;
				CLANG_WARN_ENUM_CONVERSION = YES;
				CLANG_WARN_INFINITE_RECURSION = YES;
				CLANG_WARN_INT_CONVERSION = YES;
				CLANG_WARN_OBJC_ROOT_CLASS = YES_ERROR;
				CLANG_WARN_SUSPICIOUS_MOVES = YES;
				CLANG_WARN_UNREACHABLE_CODE = YES;
				CLANG_WARN__DUPLICATE_METHOD_MATCH = YES;
				"CODE_SIGN_IDENTITY[sdk=iphoneos*]" = "iPhone Developer";
				COPY_PHASE_STRIP = NO;
				DEBUG_INFORMATION_FORMAT = dwarf;
				ENABLE_STRICT_OBJC_MSGSEND = YES;
				ENABLE_TESTABILITY = YES;
				GCC_C_LANGUAGE_STANDARD = gnu99;
				GCC_DYNAMIC_NO_PIC = NO;
				GCC_NO_COMMON_BLOCKS = YES;
				GCC_OPTIMIZATION_LEVEL = 0;
				GCC_PREPROCESSOR_DEFINITIONS = (
					"DEBUG=1",
					"$(inherited)",
				);
				GCC_WARN_64_TO_32_BIT_CONVERSION = YES;
				GCC_WARN_ABOUT_RETURN_TYPE = YES_ERROR;
				GCC_WARN_UNDECLARED_SELECTOR = YES;
				GCC_WARN_UNINITIALIZED_AUTOS = YES_AGGRESSIVE;
				GCC_WARN_UNUSED_FUNCTION = YES;
				GCC_WARN_UNUSED_VARIABLE = YES;
				IPHONEOS_DEPLOYMENT_TARGET = 10.1;
				MTL_ENABLE_DEBUG_INFO = YES;
				ONLY_ACTIVE_ARCH = YES;
				SDKROOT = iphoneos;
				SWIFT_ACTIVE_COMPILATION_CONDITIONS = DEBUG;
				SWIFT_OPTIMIZATION_LEVEL = "-Onone";
			};
			name = Debug;
		};
		6929DF1B1E13B546002EDCC2 /* Release */ = {
			isa = XCBuildConfiguration;
			buildSettings = {
				ALWAYS_SEARCH_USER_PATHS = NO;
				CLANG_ANALYZER_NONNULL = YES;
				CLANG_CXX_LANGUAGE_STANDARD = "gnu++0x";
				CLANG_CXX_LIBRARY = "libc++";
				CLANG_ENABLE_MODULES = YES;
				CLANG_ENABLE_OBJC_ARC = YES;
				CLANG_WARN_BOOL_CONVERSION = YES;
				CLANG_WARN_CONSTANT_CONVERSION = YES;
				CLANG_WARN_DIRECT_OBJC_ISA_USAGE = YES_ERROR;
				CLANG_WARN_DOCUMENTATION_COMMENTS = YES;
				CLANG_WARN_EMPTY_BODY = YES;
				CLANG_WARN_ENUM_CONVERSION = YES;
				CLANG_WARN_INFINITE_RECURSION = YES;
				CLANG_WARN_INT_CONVERSION = YES;
				CLANG_WARN_OBJC_ROOT_CLASS = YES_ERROR;
				CLANG_WARN_SUSPICIOUS_MOVES = YES;
				CLANG_WARN_UNREACHABLE_CODE = YES;
				CLANG_WARN__DUPLICATE_METHOD_MATCH = YES;
				"CODE_SIGN_IDENTITY[sdk=iphoneos*]" = "iPhone Developer";
				COPY_PHASE_STRIP = NO;
				DEBUG_INFORMATION_FORMAT = "dwarf-with-dsym";
				ENABLE_NS_ASSERTIONS = NO;
				ENABLE_STRICT_OBJC_MSGSEND = YES;
				GCC_C_LANGUAGE_STANDARD = gnu99;
				GCC_NO_COMMON_BLOCKS = YES;
				GCC_WARN_64_TO_32_BIT_CONVERSION = YES;
				GCC_WARN_ABOUT_RETURN_TYPE = YES_ERROR;
				GCC_WARN_UNDECLARED_SELECTOR = YES;
				GCC_WARN_UNINITIALIZED_AUTOS = YES_AGGRESSIVE;
				GCC_WARN_UNUSED_FUNCTION = YES;
				GCC_WARN_UNUSED_VARIABLE = YES;
				IPHONEOS_DEPLOYMENT_TARGET = 10.1;
				MTL_ENABLE_DEBUG_INFO = NO;
				SDKROOT = iphoneos;
				SWIFT_OPTIMIZATION_LEVEL = "-Owholemodule";
				VALIDATE_PRODUCT = YES;
			};
			name = Release;
		};
		6929DF1D1E13B546002EDCC2 /* Debug */ = {
			isa = XCBuildConfiguration;
			baseConfigurationReference = B407992B601AABBB12D183A9 /* Pods-Tilyn.debug.xcconfig */;
			buildSettings = {
				ASSETCATALOG_COMPILER_APPICON_NAME = AppIcon;
				DEVELOPMENT_TEAM = 5GL3E4GW7P;
				FRAMEWORK_SEARCH_PATHS = (
					"$(inherited)",
					"$(PROJECT_DIR)",
					"$(PROJECT_DIR)/Frameworks",
				);
				INFOPLIST_FILE = Tilyn/Info.plist;
				IPHONEOS_DEPLOYMENT_TARGET = 9.3;
				LD_RUNPATH_SEARCH_PATHS = "$(inherited) @executable_path/Frameworks";
				PRODUCT_BUNDLE_IDENTIFIER = com.Yudiz.Tilyn;
				PRODUCT_NAME = "$(TARGET_NAME)";
				SWIFT_VERSION = 3.0;
			};
			name = Debug;
		};
		6929DF1E1E13B546002EDCC2 /* Release */ = {
			isa = XCBuildConfiguration;
			baseConfigurationReference = 602FAE86220F0D9F3BBC81BD /* Pods-Tilyn.release.xcconfig */;
			buildSettings = {
				ASSETCATALOG_COMPILER_APPICON_NAME = AppIcon;
				DEVELOPMENT_TEAM = 5GL3E4GW7P;
				FRAMEWORK_SEARCH_PATHS = (
					"$(inherited)",
					"$(PROJECT_DIR)",
					"$(PROJECT_DIR)/Frameworks",
				);
				INFOPLIST_FILE = Tilyn/Info.plist;
				IPHONEOS_DEPLOYMENT_TARGET = 9.3;
				LD_RUNPATH_SEARCH_PATHS = "$(inherited) @executable_path/Frameworks";
				PRODUCT_BUNDLE_IDENTIFIER = com.Yudiz.Tilyn;
				PRODUCT_NAME = "$(TARGET_NAME)";
				SWIFT_VERSION = 3.0;
			};
			name = Release;
		};
/* End XCBuildConfiguration section */

/* Begin XCConfigurationList section */
		6929DF021E13B546002EDCC2 /* Build configuration list for PBXProject "Tilyn" */ = {
			isa = XCConfigurationList;
			buildConfigurations = (
				6929DF1A1E13B546002EDCC2 /* Debug */,
				6929DF1B1E13B546002EDCC2 /* Release */,
			);
			defaultConfigurationIsVisible = 0;
			defaultConfigurationName = Release;
		};
		6929DF1C1E13B546002EDCC2 /* Build configuration list for PBXNativeTarget "Tilyn" */ = {
			isa = XCConfigurationList;
			buildConfigurations = (
				6929DF1D1E13B546002EDCC2 /* Debug */,
				6929DF1E1E13B546002EDCC2 /* Release */,
			);
			defaultConfigurationIsVisible = 0;
			defaultConfigurationName = Release;
		};
/* End XCConfigurationList section */

/* Begin XCVersionGroup section */
		6929DF111E13B546002EDCC2 /* Tilyn.xcdatamodeld */ = {
			isa = XCVersionGroup;
			children = (
				6929DF121E13B546002EDCC2 /* Tilyn.xcdatamodel */,
			);
			currentVersion = 6929DF121E13B546002EDCC2 /* Tilyn.xcdatamodel */;
			path = Tilyn.xcdatamodeld;
			sourceTree = "<group>";
			versionGroupType = wrapper.xcdatamodel;
		};
/* End XCVersionGroup section */
	};
	rootObject = 6929DEFF1E13B546002EDCC2 /* Project object */;
}
